{
  "name": "text-generator",
  "version": "1.0.0",
  "lockfileVersion": 2,
  "requires": true,
  "packages": {
    "": {
      "name": "text-generator",
      "version": "1.0.0",
      "license": "ISC",
      "dependencies": {
        "random-text-generator": "^3.2.1"
      }
    },
    "node_modules/random-text-generator": {
      "version": "3.2.1",
      "resolved": "https://registry.npmjs.org/random-text-generator/-/random-text-generator-3.2.1.tgz",
      "integrity": "sha512-UcmFW+sIXzEbqhgtmlg5B6S/mSV1qZjz9e87KT0CZ9lfhcfBN/ToOjnUsfVKMKfWS+Dfp6x+yQJImVRIEqaYZA=="
    }
  },
  "dependencies": {
    "random-text-generator": {
      "version": "3.2.1",
      "resolved": "https://registry.npmjs.org/random-text-generator/-/random-text-generator-3.2.1.tgz",
      "integrity": "sha512-UcmFW+sIXzEbqhgtmlg5B6S/mSV1qZjz9e87KT0CZ9lfhcfBN/ToOjnUsfVKMKfWS+Dfp6x+yQJImVRIEqaYZA=="
    }
  }
}
